// !$*UTF8*$!
{
	archiveVersion = 1;
	classes = {
	};
	objectVersion = 50;
	objects = {

/* Begin PBXBuildFile section */
		DB663D47226F9DFC0058AFFB /* Assets.xcassets in Resources */ = {isa = PBXBuildFile; fileRef = DB663D46226F9DFC0058AFFB /* Assets.xcassets */; };
		DB663D6E226FA2750058AFFB /* SliderScene.swift in Sources */ = {isa = PBXBuildFile; fileRef = DB663D6D226FA2750058AFFB /* SliderScene.swift */; };
		DB70DA7B27B4C79B0000ACC2 /* TileSlideApp.swift in Sources */ = {isa = PBXBuildFile; fileRef = DB70DA7A27B4C79B0000ACC2 /* TileSlideApp.swift */; };
		DB70DA7F27B4D53A0000ACC2 /* MainView.swift in Sources */ = {isa = PBXBuildFile; fileRef = DB70DA7E27B4D53A0000ACC2 /* MainView.swift */; };
		DB70DA8127B61A940000ACC2 /* SliderSettings.swift in Sources */ = {isa = PBXBuildFile; fileRef = DB70DA8027B61A940000ACC2 /* SliderSettings.swift */; };
		DB94E71827B7831E00161A75 /* CustomDialog.swift in Sources */ = {isa = PBXBuildFile; fileRef = DB94E71727B7831E00161A75 /* CustomDialog.swift */; };
		DBAA31D727BAED7A00CA9011 /* CGRect.swift in Sources */ = {isa = PBXBuildFile; fileRef = DBAA31D627BAED7A00CA9011 /* CGRect.swift */; };
		DBAA31D927BAEDC400CA9011 /* CGSize.swift in Sources */ = {isa = PBXBuildFile; fileRef = DBAA31D827BAEDC400CA9011 /* CGSize.swift */; };
		DBAA31DB27BAEE0D00CA9011 /* UIImage.swift in Sources */ = {isa = PBXBuildFile; fileRef = DBAA31DA27BAEE0D00CA9011 /* UIImage.swift */; };
		DBAA31DD27BAEECB00CA9011 /* SliderBoard.swift in Sources */ = {isa = PBXBuildFile; fileRef = DBAA31DC27BAEECB00CA9011 /* SliderBoard.swift */; };
		DBAA31E027BB9E9200CA9011 /* version.swift in Sources */ = {isa = PBXBuildFile; fileRef = DBAA31DF27BB9E9200CA9011 /* version.swift */; };
		DBAA31E227BBAE3C00CA9011 /* String.swift in Sources */ = {isa = PBXBuildFile; fileRef = DBAA31E127BBAE3C00CA9011 /* String.swift */; };
		DBDD31DF27C0CEFC003257F3 /* Click.wav in Resources */ = {isa = PBXBuildFile; fileRef = DBDD31DE27C0CEFC003257F3 /* Click.wav */; };
		DBDE9E8C27BE22A50032C4FC /* SKNode.swift in Sources */ = {isa = PBXBuildFile; fileRef = DBDE9E8B27BE22A50032C4FC /* SKNode.swift */; };
/* End PBXBuildFile section */

/* Begin PBXFileReference section */
		DB663D36226F9DFA0058AFFB /* TileSlide.app */ = {isa = PBXFileReference; explicitFileType = wrapper.application; includeInIndex = 0; path = TileSlide.app; sourceTree = BUILT_PRODUCTS_DIR; };
		DB663D46226F9DFC0058AFFB /* Assets.xcassets */ = {isa = PBXFileReference; lastKnownFileType = folder.assetcatalog; path = Assets.xcassets; sourceTree = "<group>"; };
		DB663D4B226F9DFC0058AFFB /* Info.plist */ = {isa = PBXFileReference; lastKnownFileType = text.plist.xml; path = Info.plist; sourceTree = "<group>"; };
		DB663D6D226FA2750058AFFB /* SliderScene.swift */ = {isa = PBXFileReference; lastKnownFileType = sourcecode.swift; path = SliderScene.swift; sourceTree = "<group>"; };
		DB70DA7A27B4C79B0000ACC2 /* TileSlideApp.swift */ = {isa = PBXFileReference; lastKnownFileType = sourcecode.swift; path = TileSlideApp.swift; sourceTree = "<group>"; };
		DB70DA7E27B4D53A0000ACC2 /* MainView.swift */ = {isa = PBXFileReference; lastKnownFileType = sourcecode.swift; path = MainView.swift; sourceTree = "<group>"; };
		DB70DA8027B61A940000ACC2 /* SliderSettings.swift */ = {isa = PBXFileReference; lastKnownFileType = sourcecode.swift; path = SliderSettings.swift; sourceTree = "<group>"; };
		DB94E71727B7831E00161A75 /* CustomDialog.swift */ = {isa = PBXFileReference; lastKnownFileType = sourcecode.swift; path = CustomDialog.swift; sourceTree = "<group>"; };
		DBAA31D627BAED7A00CA9011 /* CGRect.swift */ = {isa = PBXFileReference; lastKnownFileType = sourcecode.swift; path = CGRect.swift; sourceTree = "<group>"; };
		DBAA31D827BAEDC400CA9011 /* CGSize.swift */ = {isa = PBXFileReference; lastKnownFileType = sourcecode.swift; path = CGSize.swift; sourceTree = "<group>"; };
		DBAA31DA27BAEE0D00CA9011 /* UIImage.swift */ = {isa = PBXFileReference; lastKnownFileType = sourcecode.swift; path = UIImage.swift; sourceTree = "<group>"; };
		DBAA31DC27BAEECB00CA9011 /* SliderBoard.swift */ = {isa = PBXFileReference; lastKnownFileType = sourcecode.swift; path = SliderBoard.swift; sourceTree = "<group>"; };
		DBAA31DF27BB9E9200CA9011 /* version.swift */ = {isa = PBXFileReference; fileEncoding = 4; lastKnownFileType = sourcecode.swift; path = version.swift; sourceTree = "<group>"; };
		DBAA31E127BBAE3C00CA9011 /* String.swift */ = {isa = PBXFileReference; lastKnownFileType = sourcecode.swift; path = String.swift; sourceTree = "<group>"; };
		DBDD31DE27C0CEFC003257F3 /* Click.wav */ = {isa = PBXFileReference; lastKnownFileType = audio.wav; path = Click.wav; sourceTree = "<group>"; };
		DBDE9E8B27BE22A50032C4FC /* SKNode.swift */ = {isa = PBXFileReference; lastKnownFileType = sourcecode.swift; path = SKNode.swift; sourceTree = "<group>"; };
/* End PBXFileReference section */

/* Begin PBXFrameworksBuildPhase section */
		DB663D33226F9DFA0058AFFB /* Frameworks */ = {
			isa = PBXFrameworksBuildPhase;
			buildActionMask = 2147483647;
			files = (
			);
			runOnlyForDeploymentPostprocessing = 0;
		};
/* End PBXFrameworksBuildPhase section */

/* Begin PBXGroup section */
		DB3F9B6A27C0A95D0033D640 /* Extensions */ = {
			isa = PBXGroup;
			children = (
				DBAA31E127BBAE3C00CA9011 /* String.swift */,
				DBDE9E8B27BE22A50032C4FC /* SKNode.swift */,
				DBAA31DA27BAEE0D00CA9011 /* UIImage.swift */,
				DBAA31D827BAEDC400CA9011 /* CGSize.swift */,
				DBAA31D627BAED7A00CA9011 /* CGRect.swift */,
			);
			path = Extensions;
			sourceTree = "<group>";
		};
		DB3F9B6B27C0AAE60033D640 /* UIControls */ = {
			isa = PBXGroup;
			children = (
				DB94E71727B7831E00161A75 /* CustomDialog.swift */,
			);
			path = UIControls;
			sourceTree = "<group>";
		};
		DB3F9B6C27C0AB4B0033D640 /* TileSlide */ = {
			isa = PBXGroup;
			children = (
				DB70DA7A27B4C79B0000ACC2 /* TileSlideApp.swift */,
				DBAA31DF27BB9E9200CA9011 /* version.swift */,
				DB663D4B226F9DFC0058AFFB /* Info.plist */,
			);
			path = TileSlide;
			sourceTree = "<group>";
		};
		DB3F9B7027C0B1A90033D640 /* Audio */ = {
			isa = PBXGroup;
			children = (
				DBDD31DE27C0CEFC003257F3 /* Click.wav */,
			);
			path = Audio;
			sourceTree = "<group>";
		};
		DB663D2D226F9DFA0058AFFB = {
			isa = PBXGroup;
			children = (
				DB3F9B7027C0B1A90033D640 /* Audio */,
				DB663D46226F9DFC0058AFFB /* Assets.xcassets */,
				DB3F9B6C27C0AB4B0033D640 /* TileSlide */,
				DB3F9B6B27C0AAE60033D640 /* UIControls */,
				DB3F9B6A27C0A95D0033D640 /* Extensions */,
				DB663D38226F9DFA0058AFFB /* Main */,
				DB663D37226F9DFA0058AFFB /* Products */,
			);
			sourceTree = "<group>";
		};
		DB663D37226F9DFA0058AFFB /* Products */ = {
			isa = PBXGroup;
			children = (
				DB663D36226F9DFA0058AFFB /* TileSlide.app */,
			);
			name = Products;
			sourceTree = "<group>";
		};
		DB663D38226F9DFA0058AFFB /* Main */ = {
			isa = PBXGroup;
			children = (
				DB70DA7E27B4D53A0000ACC2 /* MainView.swift */,
				DBAA31DC27BAEECB00CA9011 /* SliderBoard.swift */,
				DB663D6D226FA2750058AFFB /* SliderScene.swift */,
				DB70DA8027B61A940000ACC2 /* SliderSettings.swift */,
			);
			path = Main;
			sourceTree = "<group>";
		};
/* End PBXGroup section */

/* Begin PBXNativeTarget section */
		DB663D35226F9DFA0058AFFB /* TileSlide */ = {
			isa = PBXNativeTarget;
			buildConfigurationList = DB663D64226F9DFC0058AFFB /* Build configuration list for PBXNativeTarget "TileSlide" */;
			buildPhases = (
				DBAA31DE27BB922D00CA9011 /* ShellScript */,
				DB663D32226F9DFA0058AFFB /* Sources */,
				DB663D33226F9DFA0058AFFB /* Frameworks */,
				DB663D34226F9DFA0058AFFB /* Resources */,
			);
			buildRules = (
			);
			dependencies = (
			);
			name = TileSlide;
			productName = TileSlide;
			productReference = DB663D36226F9DFA0058AFFB /* TileSlide.app */;
			productType = "com.apple.product-type.application";
		};
/* End PBXNativeTarget section */

/* Begin PBXProject section */
		DB663D2E226F9DFA0058AFFB /* Project object */ = {
			isa = PBXProject;
			attributes = {
				LastSwiftUpdateCheck = 1020;
				LastUpgradeCheck = 1320;
				ORGANIZATIONNAME = "Alex Brodie";
				TargetAttributes = {
					DB663D35226F9DFA0058AFFB = {
						CreatedOnToolsVersion = 10.2.1;
					};
				};
			};
			buildConfigurationList = DB663D31226F9DFA0058AFFB /* Build configuration list for PBXProject "TileSlide" */;
			compatibilityVersion = "Xcode 9.3";
			developmentRegion = en;
			hasScannedForEncodings = 0;
			knownRegions = (
				en,
				Base,
			);
			mainGroup = DB663D2D226F9DFA0058AFFB;
			productRefGroup = DB663D37226F9DFA0058AFFB /* Products */;
			projectDirPath = "";
			projectRoot = "";
			targets = (
				DB663D35226F9DFA0058AFFB /* TileSlide */,
			);
		};
/* End PBXProject section */

/* Begin PBXResourcesBuildPhase section */
		DB663D34226F9DFA0058AFFB /* Resources */ = {
			isa = PBXResourcesBuildPhase;
			buildActionMask = 2147483647;
			files = (
				DB663D47226F9DFC0058AFFB /* Assets.xcassets in Resources */,
				DBDD31DF27C0CEFC003257F3 /* Click.wav in Resources */,
			);
			runOnlyForDeploymentPostprocessing = 0;
		};
/* End PBXResourcesBuildPhase section */

/* Begin PBXShellScriptBuildPhase section */
		DBAA31DE27BB922D00CA9011 /* ShellScript */ = {
			isa = PBXShellScriptBuildPhase;
			buildActionMask = 2147483647;
			files = (
			);
			inputFileListPaths = (
			);
			inputPaths = (
			);
			outputFileListPaths = (
			);
			outputPaths = (
			);
			runOnlyForDeploymentPostprocessing = 0;
			shellPath = /bin/sh;
			shellScript = "outfile=TileSlide/version.swift\ncommit=$(git rev-parse --verify HEAD | cut -c 1-7)\ncurdate=$(date +\"%y%m%d\")\n\nfilesource=\"//\n// This file was auto generated in the build process.\n// Do not modify or commit it directly. See the project's\n// Build Phases to update.\n//\n\nimport Foundation\n\nlet app_commit = \\\"$commit\\\"\nlet app_build_date = \\\"$curdate\\\"\n\"\n\necho \"$filesource\" > $outfile\ntouch $outfile\n";
		};
/* End PBXShellScriptBuildPhase section */

/* Begin PBXSourcesBuildPhase section */
		DB663D32226F9DFA0058AFFB /* Sources */ = {
			isa = PBXSourcesBuildPhase;
			buildActionMask = 2147483647;
			files = (
				DB70DA7B27B4C79B0000ACC2 /* TileSlideApp.swift in Sources */,
				DBAA31D727BAED7A00CA9011 /* CGRect.swift in Sources */,
				DBAA31E027BB9E9200CA9011 /* version.swift in Sources */,
				DBAA31E227BBAE3C00CA9011 /* String.swift in Sources */,
				DBAA31D927BAEDC400CA9011 /* CGSize.swift in Sources */,
				DBAA31DD27BAEECB00CA9011 /* SliderBoard.swift in Sources */,
				DB70DA7F27B4D53A0000ACC2 /* MainView.swift in Sources */,
				DB663D6E226FA2750058AFFB /* SliderScene.swift in Sources */,
				DBDE9E8C27BE22A50032C4FC /* SKNode.swift in Sources */,
				DB70DA8127B61A940000ACC2 /* SliderSettings.swift in Sources */,
				DB94E71827B7831E00161A75 /* CustomDialog.swift in Sources */,
				DBAA31DB27BAEE0D00CA9011 /* UIImage.swift in Sources */,
			);
			runOnlyForDeploymentPostprocessing = 0;
		};
/* End PBXSourcesBuildPhase section */

/* Begin XCBuildConfiguration section */
		DB663D62226F9DFC0058AFFB /* Debug */ = {
			isa = XCBuildConfiguration;
			buildSettings = {
				ALWAYS_SEARCH_USER_PATHS = NO;
				CLANG_ANALYZER_NONNULL = YES;
				CLANG_ANALYZER_NUMBER_OBJECT_CONVERSION = YES_AGGRESSIVE;
				CLANG_CXX_LANGUAGE_STANDARD = "gnu++14";
				CLANG_CXX_LIBRARY = "libc++";
				CLANG_ENABLE_MODULES = YES;
				CLANG_ENABLE_OBJC_ARC = YES;
				CLANG_ENABLE_OBJC_WEAK = YES;
				CLANG_WARN_BLOCK_CAPTURE_AUTORELEASING = YES;
				CLANG_WARN_BOOL_CONVERSION = YES;
				CLANG_WARN_COMMA = YES;
				CLANG_WARN_CONSTANT_CONVERSION = YES;
				CLANG_WARN_DEPRECATED_OBJC_IMPLEMENTATIONS = YES;
				CLANG_WARN_DIRECT_OBJC_ISA_USAGE = YES_ERROR;
				CLANG_WARN_DOCUMENTATION_COMMENTS = YES;
				CLANG_WARN_EMPTY_BODY = YES;
				CLANG_WARN_ENUM_CONVERSION = YES;
				CLANG_WARN_INFINITE_RECURSION = YES;
				CLANG_WARN_INT_CONVERSION = YES;
				CLANG_WARN_NON_LITERAL_NULL_CONVERSION = YES;
				CLANG_WARN_OBJC_IMPLICIT_RETAIN_SELF = YES;
				CLANG_WARN_OBJC_LITERAL_CONVERSION = YES;
				CLANG_WARN_OBJC_ROOT_CLASS = YES_ERROR;
				CLANG_WARN_QUOTED_INCLUDE_IN_FRAMEWORK_HEADER = YES;
				CLANG_WARN_RANGE_LOOP_ANALYSIS = YES;
				CLANG_WARN_STRICT_PROTOTYPES = YES;
				CLANG_WARN_SUSPICIOUS_MOVE = YES;
				CLANG_WARN_UNGUARDED_AVAILABILITY = YES_AGGRESSIVE;
				CLANG_WARN_UNREACHABLE_CODE = YES;
				CLANG_WARN__DUPLICATE_METHOD_MATCH = YES;
				CODE_SIGN_IDENTITY = "iPhone Developer";
				COPY_PHASE_STRIP = NO;
				DEBUG_INFORMATION_FORMAT = dwarf;
				ENABLE_STRICT_OBJC_MSGSEND = YES;
				ENABLE_TESTABILITY = YES;
				GCC_C_LANGUAGE_STANDARD = gnu11;
				GCC_DYNAMIC_NO_PIC = NO;
				GCC_NO_COMMON_BLOCKS = YES;
				GCC_OPTIMIZATION_LEVEL = 0;
				GCC_PREPROCESSOR_DEFINITIONS = (
					"DEBUG=1",
					"$(inherited)",
				);
				GCC_WARN_64_TO_32_BIT_CONVERSION = YES;
				GCC_WARN_ABOUT_RETURN_TYPE = YES_ERROR;
				GCC_WARN_UNDECLARED_SELECTOR = YES;
				GCC_WARN_UNINITIALIZED_AUTOS = YES_AGGRESSIVE;
				GCC_WARN_UNUSED_FUNCTION = YES;
				GCC_WARN_UNUSED_VARIABLE = YES;
				IPHONEOS_DEPLOYMENT_TARGET = 14.0;
				MTL_ENABLE_DEBUG_INFO = INCLUDE_SOURCE;
				MTL_FAST_MATH = YES;
				ONLY_ACTIVE_ARCH = YES;
				SDKROOT = iphoneos;
				SWIFT_ACTIVE_COMPILATION_CONDITIONS = DEBUG;
				SWIFT_OPTIMIZATION_LEVEL = "-Onone";
			};
			name = Debug;
		};
		DB663D63226F9DFC0058AFFB /* Release */ = {
			isa = XCBuildConfiguration;
			buildSettings = {
				ALWAYS_SEARCH_USER_PATHS = NO;
				CLANG_ANALYZER_NONNULL = YES;
				CLANG_ANALYZER_NUMBER_OBJECT_CONVERSION = YES_AGGRESSIVE;
				CLANG_CXX_LANGUAGE_STANDARD = "gnu++14";
				CLANG_CXX_LIBRARY = "libc++";
				CLANG_ENABLE_MODULES = YES;
				CLANG_ENABLE_OBJC_ARC = YES;
				CLANG_ENABLE_OBJC_WEAK = YES;
				CLANG_WARN_BLOCK_CAPTURE_AUTORELEASING = YES;
				CLANG_WARN_BOOL_CONVERSION = YES;
				CLANG_WARN_COMMA = YES;
				CLANG_WARN_CONSTANT_CONVERSION = YES;
				CLANG_WARN_DEPRECATED_OBJC_IMPLEMENTATIONS = YES;
				CLANG_WARN_DIRECT_OBJC_ISA_USAGE = YES_ERROR;
				CLANG_WARN_DOCUMENTATION_COMMENTS = YES;
				CLANG_WARN_EMPTY_BODY = YES;
				CLANG_WARN_ENUM_CONVERSION = YES;
				CLANG_WARN_INFINITE_RECURSION = YES;
				CLANG_WARN_INT_CONVERSION = YES;
				CLANG_WARN_NON_LITERAL_NULL_CONVERSION = YES;
				CLANG_WARN_OBJC_IMPLICIT_RETAIN_SELF = YES;
				CLANG_WARN_OBJC_LITERAL_CONVERSION = YES;
				CLANG_WARN_OBJC_ROOT_CLASS = YES_ERROR;
				CLANG_WARN_QUOTED_INCLUDE_IN_FRAMEWORK_HEADER = YES;
				CLANG_WARN_RANGE_LOOP_ANALYSIS = YES;
				CLANG_WARN_STRICT_PROTOTYPES = YES;
				CLANG_WARN_SUSPICIOUS_MOVE = YES;
				CLANG_WARN_UNGUARDED_AVAILABILITY = YES_AGGRESSIVE;
				CLANG_WARN_UNREACHABLE_CODE = YES;
				CLANG_WARN__DUPLICATE_METHOD_MATCH = YES;
				CODE_SIGN_IDENTITY = "iPhone Developer";
				COPY_PHASE_STRIP = NO;
				DEBUG_INFORMATION_FORMAT = "dwarf-with-dsym";
				ENABLE_NS_ASSERTIONS = NO;
				ENABLE_STRICT_OBJC_MSGSEND = YES;
				GCC_C_LANGUAGE_STANDARD = gnu11;
				GCC_NO_COMMON_BLOCKS = YES;
				GCC_WARN_64_TO_32_BIT_CONVERSION = YES;
				GCC_WARN_ABOUT_RETURN_TYPE = YES_ERROR;
				GCC_WARN_UNDECLARED_SELECTOR = YES;
				GCC_WARN_UNINITIALIZED_AUTOS = YES_AGGRESSIVE;
				GCC_WARN_UNUSED_FUNCTION = YES;
				GCC_WARN_UNUSED_VARIABLE = YES;
				IPHONEOS_DEPLOYMENT_TARGET = 14.0;
				MTL_ENABLE_DEBUG_INFO = NO;
				MTL_FAST_MATH = YES;
				SDKROOT = iphoneos;
				SWIFT_COMPILATION_MODE = wholemodule;
				SWIFT_OPTIMIZATION_LEVEL = "-O";
				VALIDATE_PRODUCT = YES;
			};
			name = Release;
		};
		DB663D65226F9DFC0058AFFB /* Debug */ = {
			isa = XCBuildConfiguration;
			buildSettings = {
				ASSETCATALOG_COMPILER_APPICON_NAME = AppIcon;
				CODE_SIGN_STYLE = Automatic;
				DEVELOPMENT_TEAM = 982SVPBAJ7;
				INFOPLIST_FILE = TileSlide/Info.plist;
				LD_RUNPATH_SEARCH_PATHS = (
					"$(inherited)",
					"@executable_path/Frameworks",
				);
				MARKETING_VERSION = 0.1;
				PRODUCT_BUNDLE_IDENTIFIER = AlexBrodie.Doguillo;
				PRODUCT_NAME = "$(TARGET_NAME)";
				SWIFT_VERSION = 5.0;
				TARGETED_DEVICE_FAMILY = "1,2";
			};
			name = Debug;
		};
		DB663D66226F9DFC0058AFFB /* Release */ = {
			isa = XCBuildConfiguration;
			buildSettings = {
				ASSETCATALOG_COMPILER_APPICON_NAME = AppIcon;
				CODE_SIGN_STYLE = Automatic;
				DEVELOPMENT_TEAM = 982SVPBAJ7;
				INFOPLIST_FILE = TileSlide/Info.plist;
				LD_RUNPATH_SEARCH_PATHS = (
					"$(inherited)",
					"@executable_path/Frameworks",
				);
				MARKETING_VERSION = 0.1;
				PRODUCT_BUNDLE_IDENTIFIER = AlexBrodie.Doguillo;
				PRODUCT_NAME = "$(TARGET_NAME)";
				SWIFT_VERSION = 5.0;
				TARGETED_DEVICE_FAMILY = "1,2";
			};
			name = Release;
		};
/* End XCBuildConfiguration section */

/* Begin XCConfigurationList section */
		DB663D31226F9DFA0058AFFB /* Build configuration list for PBXProject "TileSlide" */ = {
			isa = XCConfigurationList;
			buildConfigurations = (
				DB663D62226F9DFC0058AFFB /* Debug */,
				DB663D63226F9DFC0058AFFB /* Release */,
			);
			defaultConfigurationIsVisible = 0;
			defaultConfigurationName = Release;
		};
		DB663D64226F9DFC0058AFFB /* Build configuration list for PBXNativeTarget "TileSlide" */ = {
			isa = XCConfigurationList;
			buildConfigurations = (
				DB663D65226F9DFC0058AFFB /* Debug */,
				DB663D66226F9DFC0058AFFB /* Release */,
			);
			defaultConfigurationIsVisible = 0;
			defaultConfigurationName = Release;
		};
/* End XCConfigurationList section */
	};
	rootObject = DB663D2E226F9DFA0058AFFB /* Project object */;
}
